{
  "socketPath": "\\\\.\\pipe\\mcp-9aebfb8e-5d77-452b-b8ba-66f7a3fde2a0.sock",
  "scheme": "pipe",
  "headers": {
    "Authorization": "Nonce 229e05de-436c-41b0-bad7-4736741e95ca"
  },
  "pid": 2604,
  "ideName": "Visual Studio Code",
  "timestamp": 1780498250187,
  "workspaceFolders": [
    "c:\\Users\\dcn8t\\OneDrive\\Desktop\\Vibe-Crate",
    "c:\\Users\\dcn8t\\OneDrive\\Desktop\\Vibe-Que-App-Lovable"
  ],
  "isTrusted": true
}